
Microsoft Visual Studio Solution File, Format Version 12.00
# Visual Studio Version 16
VisualStudioVersion = 16.0.31829.152
MinimumVisualStudioVersion = 10.0.40219.1
Project("{FAE04EC0-301F-11D3-BF4B-00C04F79EFBC}") = "ElectronicScale2MES", "ElectronicScale2MES.csproj", "{BFFB4CEC-EDE0-4DDB-B79A-9BA6C3A5A339}"
EndProject
Project("{54435603-DBB4-11D2-8724-00A0C9A8B90C}") = "Setup", "..\Setup\Setup.vdproj", "{E2490D34-1FC9-4CC5-A3B7-0CC5DCDAA6F1}"
EndProject
Global
	GlobalSection(SolutionConfigurationPlatforms) = preSolution
		Debug|Any CPU = Debug|Any CPU
		Release|Any CPU = Release|Any CPU
	EndGlobalSection
	GlobalSection(ProjectConfigurationPlatforms) = postSolution
		{BFFB4CEC-EDE0-4DDB-B79A-9BA6C3A5A339}.Debug|Any CPU.ActiveCfg = Debug|Any CPU
		{BFFB4CEC-EDE0-4DDB-B79A-9BA6C3A5A339}.Debug|Any CPU.Build.0 = Debug|Any CPU
		{BFFB4CEC-EDE0-4DDB-B79A-9BA6C3A5A339}.Release|Any CPU.ActiveCfg = Release|Any CPU
		{BFFB4CEC-EDE0-4DDB-B79A-9BA6C3A5A339}.Release|Any CPU.Build.0 = Release|Any CPU
		{E2490D34-1FC9-4CC5-A3B7-0CC5DCDAA6F1}.Debug|Any CPU.ActiveCfg = Debug
		{E2490D34-1FC9-4CC5-A3B7-0CC5DCDAA6F1}.Release|Any CPU.ActiveCfg = Release
	EndGlobalSection
	GlobalSection(SolutionProperties) = preSolution
		HideSolutionNode = FALSE
	EndGlobalSection
	GlobalSection(ExtensibilityGlobals) = postSolution
		SolutionGuid = {3EE37AAD-9487-4AFB-BBD4-30E666F9BFDF}
	EndGlobalSection
EndGlobal
